
Microsoft Visual Studio Solution File, Format Version 12.00
# Visual Studio Version 17
VisualStudioVersion = 17.5.33502.453
MinimumVisualStudioVersion = 10.0.40219.1
Project("{FAE04EC0-301F-11D3-BF4B-00C04F79EFBC}") = "ThueXe", "ThueXe\ThueXe.csproj", "{C354492F-983D-4C42-80FC-1D52568AFA2B}"
EndProject
Project("{FAE04EC0-301F-11D3-BF4B-00C04F79EFBC}") = "DTO", "DTO\DTO.csproj", "{4F151C5D-A349-45DF-8CE1-9C7B4BC1E5CF}"
EndProject
Project("{FAE04EC0-301F-11D3-BF4B-00C04F79EFBC}") = "DAL", "DAL\DAL.csproj", "{9D411BF0-F951-4517-B2A7-0CC984868AC9}"
EndProject
Project("{FAE04EC0-301F-11D3-BF4B-00C04F79EFBC}") = "BUS", "BUS\BUS.csproj", "{65959890-7C00-4500-B6CB-ECEC7E335EB7}"
EndProject
Global
	GlobalSection(SolutionConfigurationPlatforms) = preSolution
		Debug|Any CPU = Debug|Any CPU
		Release|Any CPU = Release|Any CPU
	EndGlobalSection
	GlobalSection(ProjectConfigurationPlatforms) = postSolution
		{C354492F-983D-4C42-80FC-1D52568AFA2B}.Debug|Any CPU.ActiveCfg = Debug|Any CPU
		{C354492F-983D-4C42-80FC-1D52568AFA2B}.Debug|Any CPU.Build.0 = Debug|Any CPU
		{C354492F-983D-4C42-80FC-1D52568AFA2B}.Release|Any CPU.ActiveCfg = Release|Any CPU
		{C354492F-983D-4C42-80FC-1D52568AFA2B}.Release|Any CPU.Build.0 = Release|Any CPU
		{4F151C5D-A349-45DF-8CE1-9C7B4BC1E5CF}.Debug|Any CPU.ActiveCfg = Debug|Any CPU
		{4F151C5D-A349-45DF-8CE1-9C7B4BC1E5CF}.Debug|Any CPU.Build.0 = Debug|Any CPU
		{4F151C5D-A349-45DF-8CE1-9C7B4BC1E5CF}.Release|Any CPU.ActiveCfg = Release|Any CPU
		{4F151C5D-A349-45DF-8CE1-9C7B4BC1E5CF}.Release|Any CPU.Build.0 = Release|Any CPU
		{9D411BF0-F951-4517-B2A7-0CC984868AC9}.Debug|Any CPU.ActiveCfg = Debug|Any CPU
		{9D411BF0-F951-4517-B2A7-0CC984868AC9}.Debug|Any CPU.Build.0 = Debug|Any CPU
		{9D411BF0-F951-4517-B2A7-0CC984868AC9}.Release|Any CPU.ActiveCfg = Release|Any CPU
		{9D411BF0-F951-4517-B2A7-0CC984868AC9}.Release|Any CPU.Build.0 = Release|Any CPU
		{65959890-7C00-4500-B6CB-ECEC7E335EB7}.Debug|Any CPU.ActiveCfg = Debug|Any CPU
		{65959890-7C00-4500-B6CB-ECEC7E335EB7}.Debug|Any CPU.Build.0 = Debug|Any CPU
		{65959890-7C00-4500-B6CB-ECEC7E335EB7}.Release|Any CPU.ActiveCfg = Release|Any CPU
		{65959890-7C00-4500-B6CB-ECEC7E335EB7}.Release|Any CPU.Build.0 = Release|Any CPU
	EndGlobalSection
	GlobalSection(SolutionProperties) = preSolution
		HideSolutionNode = FALSE
	EndGlobalSection
	GlobalSection(ExtensibilityGlobals) = postSolution
		SolutionGuid = {C457FBD3-7E1A-4C21-97E9-2E5110041B69}
	EndGlobalSection
EndGlobal
